
Microsoft Visual Studio Solution File, Format Version 10.00
# Visual Studio 2008
Project("{8BC9CEB8-8B4A-11D0-8D11-00A0C91BC942}") = "Visualizer", "Visualizer\Visualizer.vcproj", "{8C2B185A-472D-4052-B94D-65F0C0BF2DE3}"
	ProjectSection(ProjectDependencies) = postProject
		{EAE728F3-D446-4B2F-9576-5EFC29977454} = {EAE728F3-D446-4B2F-9576-5EFC29977454}
	EndProjectSection
EndProject
Project("{8BC9CEB8-8B4A-11D0-8D11-00A0C91BC942}") = "3KShellLib", "3KShellLib\3KShellLib.vcproj", "{2421FB2A-10E8-421F-B832-57CCEE7FD08D}"
EndProject
Project("{8BC9CEB8-8B4A-11D0-8D11-00A0C91BC942}") = "ConsoleUnitTests", "ConsoleUnitTests\ConsoleUnitTests.vcproj", "{9C8C8172-27A6-4078-8558-D26B1DF16947}"
	ProjectSection(ProjectDependencies) = postProject
		{2421FB2A-10E8-421F-B832-57CCEE7FD08D} = {2421FB2A-10E8-421F-B832-57CCEE7FD08D}
		{EAE728F3-D446-4B2F-9576-5EFC29977454} = {EAE728F3-D446-4B2F-9576-5EFC29977454}
	EndProjectSection
EndProject
Project("{8BC9CEB8-8B4A-11D0-8D11-00A0C91BC942}") = "PriceOfHonor", "PriceOfHonor\PriceOfHonor.vcproj", "{ED6F4CE0-7FB0-4686-8904-5D1C34CC3ECE}"
EndProject
Project("{8BC9CEB8-8B4A-11D0-8D11-00A0C91BC942}") = "MiddleWareDll", "MiddleWareDll\MiddleWareDll.vcproj", "{7CEC398E-5A29-4BD1-B54C-C4BC8023EC72}"
	ProjectSection(ProjectDependencies) = postProject
		{2421FB2A-10E8-421F-B832-57CCEE7FD08D} = {2421FB2A-10E8-421F-B832-57CCEE7FD08D}
		{8C2B185A-472D-4052-B94D-65F0C0BF2DE3} = {8C2B185A-472D-4052-B94D-65F0C0BF2DE3}
		{ED6F4CE0-7FB0-4686-8904-5D1C34CC3ECE} = {ED6F4CE0-7FB0-4686-8904-5D1C34CC3ECE}
		{EAE728F3-D446-4B2F-9576-5EFC29977454} = {EAE728F3-D446-4B2F-9576-5EFC29977454}
	EndProjectSection
EndProject
Project("{2150E333-8FDC-42A3-9474-1A3956D46DE8}") = "ShellApi", "ShellApi", "{A30014F3-5C1E-477E-A3E2-698EED37BC6E}"
	ProjectSection(SolutionItems) = preProject
		ShellApi\ArmletApi.h = ShellApi\ArmletApi.h
		ShellApi\Common.h = ShellApi\Common.h
		ShellApi\PlatformDependent.h = ShellApi\PlatformDependent.h
		ShellApi\ServerProtocol.h = ShellApi\ServerProtocol.h
	EndProjectSection
EndProject
Project("{2150E333-8FDC-42A3-9474-1A3956D46DE8}") = "Armlet", "Armlet", "{4285CEDA-9BDD-4F2A-89D4-261BA9A814C1}"
EndProject
Project("{2150E333-8FDC-42A3-9474-1A3956D46DE8}") = "PcVisualizer", "PcVisualizer", "{3A0A28D3-DB2F-4197-996B-5E3B6D3D78D1}"
EndProject
Project("{8BC9CEB8-8B4A-11D0-8D11-00A0C91BC942}") = "MiddleWareLib", "MiddleWareLib\MiddleWareLib.vcproj", "{EAE728F3-D446-4B2F-9576-5EFC29977454}"
	ProjectSection(ProjectDependencies) = postProject
		{2421FB2A-10E8-421F-B832-57CCEE7FD08D} = {2421FB2A-10E8-421F-B832-57CCEE7FD08D}
		{ED6F4CE0-7FB0-4686-8904-5D1C34CC3ECE} = {ED6F4CE0-7FB0-4686-8904-5D1C34CC3ECE}
	EndProjectSection
EndProject
Global
	GlobalSection(SolutionConfigurationPlatforms) = preSolution
		Debug|Win32 = Debug|Win32
		Release|Win32 = Release|Win32
	EndGlobalSection
	GlobalSection(ProjectConfigurationPlatforms) = postSolution
		{8C2B185A-472D-4052-B94D-65F0C0BF2DE3}.Debug|Win32.ActiveCfg = Debug|Win32
		{8C2B185A-472D-4052-B94D-65F0C0BF2DE3}.Debug|Win32.Build.0 = Debug|Win32
		{8C2B185A-472D-4052-B94D-65F0C0BF2DE3}.Release|Win32.ActiveCfg = Release|Win32
		{8C2B185A-472D-4052-B94D-65F0C0BF2DE3}.Release|Win32.Build.0 = Release|Win32
		{2421FB2A-10E8-421F-B832-57CCEE7FD08D}.Debug|Win32.ActiveCfg = Debug|Win32
		{2421FB2A-10E8-421F-B832-57CCEE7FD08D}.Debug|Win32.Build.0 = Debug|Win32
		{2421FB2A-10E8-421F-B832-57CCEE7FD08D}.Release|Win32.ActiveCfg = Release|Win32
		{2421FB2A-10E8-421F-B832-57CCEE7FD08D}.Release|Win32.Build.0 = Release|Win32
		{9C8C8172-27A6-4078-8558-D26B1DF16947}.Debug|Win32.ActiveCfg = Debug|Win32
		{9C8C8172-27A6-4078-8558-D26B1DF16947}.Release|Win32.ActiveCfg = Release|Win32
		{9C8C8172-27A6-4078-8558-D26B1DF16947}.Release|Win32.Build.0 = Release|Win32
		{ED6F4CE0-7FB0-4686-8904-5D1C34CC3ECE}.Debug|Win32.ActiveCfg = Debug|Win32
		{ED6F4CE0-7FB0-4686-8904-5D1C34CC3ECE}.Debug|Win32.Build.0 = Debug|Win32
		{ED6F4CE0-7FB0-4686-8904-5D1C34CC3ECE}.Release|Win32.ActiveCfg = Release|Win32
		{ED6F4CE0-7FB0-4686-8904-5D1C34CC3ECE}.Release|Win32.Build.0 = Release|Win32
		{7CEC398E-5A29-4BD1-B54C-C4BC8023EC72}.Debug|Win32.ActiveCfg = Debug|Win32
		{7CEC398E-5A29-4BD1-B54C-C4BC8023EC72}.Release|Win32.ActiveCfg = Release|Win32
		{7CEC398E-5A29-4BD1-B54C-C4BC8023EC72}.Release|Win32.Build.0 = Release|Win32
		{EAE728F3-D446-4B2F-9576-5EFC29977454}.Debug|Win32.ActiveCfg = Debug|Win32
		{EAE728F3-D446-4B2F-9576-5EFC29977454}.Debug|Win32.Build.0 = Debug|Win32
		{EAE728F3-D446-4B2F-9576-5EFC29977454}.Release|Win32.ActiveCfg = Release|Win32
		{EAE728F3-D446-4B2F-9576-5EFC29977454}.Release|Win32.Build.0 = Release|Win32
	EndGlobalSection
	GlobalSection(SolutionProperties) = preSolution
		HideSolutionNode = FALSE
	EndGlobalSection
	GlobalSection(NestedProjects) = preSolution
		{9C8C8172-27A6-4078-8558-D26B1DF16947} = {3A0A28D3-DB2F-4197-996B-5E3B6D3D78D1}
		{7CEC398E-5A29-4BD1-B54C-C4BC8023EC72} = {3A0A28D3-DB2F-4197-996B-5E3B6D3D78D1}
		{8C2B185A-472D-4052-B94D-65F0C0BF2DE3} = {3A0A28D3-DB2F-4197-996B-5E3B6D3D78D1}
		{ED6F4CE0-7FB0-4686-8904-5D1C34CC3ECE} = {4285CEDA-9BDD-4F2A-89D4-261BA9A814C1}
		{2421FB2A-10E8-421F-B832-57CCEE7FD08D} = {4285CEDA-9BDD-4F2A-89D4-261BA9A814C1}
		{EAE728F3-D446-4B2F-9576-5EFC29977454} = {4285CEDA-9BDD-4F2A-89D4-261BA9A814C1}
	EndGlobalSection
EndGlobal
